
Microsoft Visual Studio Solution File, Format Version 12.00
# Visual Studio Version 17
VisualStudioVersion = 17.4.33213.308
MinimumVisualStudioVersion = 10.0.40219.1
Project("{FAE04EC0-301F-11D3-BF4B-00C04F79EFBC}") = "HighSchool", "HighSchool.csproj", "{8256C00B-AE56-456C-A6BD-EBE007C31AB0}"
EndProject
Global
	GlobalSection(SolutionConfigurationPlatforms) = preSolution
		Debug|Any CPU = Debug|Any CPU
		Release|Any CPU = Release|Any CPU
	EndGlobalSection
	GlobalSection(ProjectConfigurationPlatforms) = postSolution
		{8256C00B-AE56-456C-A6BD-EBE007C31AB0}.Debug|Any CPU.ActiveCfg = Debug|Any CPU
		{8256C00B-AE56-456C-A6BD-EBE007C31AB0}.Debug|Any CPU.Build.0 = Debug|Any CPU
		{8256C00B-AE56-456C-A6BD-EBE007C31AB0}.Release|Any CPU.ActiveCfg = Release|Any CPU
		{8256C00B-AE56-456C-A6BD-EBE007C31AB0}.Release|Any CPU.Build.0 = Release|Any CPU
	EndGlobalSection
	GlobalSection(SolutionProperties) = preSolution
		HideSolutionNode = FALSE
	EndGlobalSection
	GlobalSection(ExtensibilityGlobals) = postSolution
		SolutionGuid = {1F5F8B68-3A2E-46F2-854A-A77CC8DA8C1E}
	EndGlobalSection
EndGlobal
